// !$*UTF8*$!
{
	archiveVersion = 1;
	classes = {
	};
	objectVersion = 77;
	objects = {

/* Begin PBXBuildFile section */
		FF63ABFA2FD95E67004C448C /* SparkTests.swift in Sources */ = {isa = PBXBuildFile; fileRef = FF63ABF82FD95E67004C448C /* SparkTests.swift */; };
		FF63AC872FD9AA72004C448C /* Assets.xcassets in Resources */ = {isa = PBXBuildFile; fileRef = FF63AC7E2FD9AA72004C448C /* Assets.xcassets */; };
		FF63AC882FD9AA72004C448C /* stories.json in Resources */ = {isa = PBXBuildFile; fileRef = FF63AC7F2FD9AA72004C448C /* stories.json */; };
		FF63ACC82FD9BDF0004C448C /* DependencyContainerProtocol.swift in Sources */ = {isa = PBXBuildFile; fileRef = FF63ACA32FD9BDF0004C448C /* DependencyContainerProtocol.swift */; };
		FF63ACC92FD9BDF0004C448C /* StoryUserPageView.swift in Sources */ = {isa = PBXBuildFile; fileRef = FF63ACBC2FD9BDF0004C448C /* StoryUserPageView.swift */; };
		FF63ACCA2FD9BDF0004C448C /* NetworkClient.swift in Sources */ = {isa = PBXBuildFile; fileRef = FF63ACAB2FD9BDF0004C448C /* NetworkClient.swift */; };
		FF63ACCB2FD9BDF0004C448C /* UserState.swift in Sources */ = {isa = PBXBuildFile; fileRef = FF63ACA82FD9BDF0004C448C /* UserState.swift */; };
		FF63ACCC2FD9BDF0004C448C /* Story.swift in Sources */ = {isa = PBXBuildFile; fileRef = FF63ACA62FD9BDF0004C448C /* Story.swift */; };
		FF63ACCD2FD9BDF0004C448C /* APIEndpoint.swift in Sources */ = {isa = PBXBuildFile; fileRef = FF63ACAA2FD9BDF0004C448C /* APIEndpoint.swift */; };
		FF63ACCE2FD9BDF0004C448C /* DeviceID.swift in Sources */ = {isa = PBXBuildFile; fileRef = FF63ACB32FD9BDF0004C448C /* DeviceID.swift */; };
		FF63ACCF2FD9BDF0004C448C /* StoriesView.swift in Sources */ = {isa = PBXBuildFile; fileRef = FF63ACB62FD9BDF0004C448C /* StoriesView.swift */; };
		FF63ACD02FD9BDF0004C448C /* RootView.swift in Sources */ = {isa = PBXBuildFile; fileRef = FF63ACC02FD9BDF0004C448C /* RootView.swift */; };
		FF63ACD12FD9BDF0004C448C /* MockDependencyContainer.swift in Sources */ = {isa = PBXBuildFile; fileRef = FF63ACA42FD9BDF0004C448C /* MockDependencyContainer.swift */; };
		FF63ACD22FD9BDF0004C448C /* StoryAvatarView.swift in Sources */ = {isa = PBXBuildFile; fileRef = FF63ACC22FD9BDF0004C448C /* StoryAvatarView.swift */; };
		FF63ACD32FD9BDF0004C448C /* StoryDetailView.swift in Sources */ = {isa = PBXBuildFile; fileRef = FF63ACB92FD9BDF0004C448C /* StoryDetailView.swift */; };
		FF63ACD42FD9BDF0004C448C /* LocalStoryRepository.swift in Sources */ = {isa = PBXBuildFile; fileRef = FF63ACAE2FD9BDF0004C448C /* LocalStoryRepository.swift */; };
		FF63ACD52FD9BDF0004C448C /* PreviewMocks.swift in Sources */ = {isa = PBXBuildFile; fileRef = FF63ACC52FD9BDF0004C448C /* PreviewMocks.swift */; };
		FF63ACD62FD9BDF0004C448C /* StoryUserPageViewModel.swift in Sources */ = {isa = PBXBuildFile; fileRef = FF63ACBD2FD9BDF0004C448C /* StoryUserPageViewModel.swift */; };
		FF63ACD72FD9BDF0004C448C /* StoryDetailViewModel.swift in Sources */ = {isa = PBXBuildFile; fileRef = FF63ACBA2FD9BDF0004C448C /* StoryDetailViewModel.swift */; };
		FF63ACD82FD9BDF0004C448C /* StoryProgressBar.swift in Sources */ = {isa = PBXBuildFile; fileRef = FF63ACC32FD9BDF0004C448C /* StoryProgressBar.swift */; };
		FF63ACD92FD9BDF0004C448C /* DependencyContainer.swift in Sources */ = {isa = PBXBuildFile; fileRef = FF63ACA22FD9BDF0004C448C /* DependencyContainer.swift */; };
		FF63ACDA2FD9BDF0004C448C /* MockStoryRepository.swift in Sources */ = {isa = PBXBuildFile; fileRef = FF63ACAF2FD9BDF0004C448C /* MockStoryRepository.swift */; };
		FF63ACDB2FD9BDF0004C448C /* SparkApp.swift in Sources */ = {isa = PBXBuildFile; fileRef = FF63ACC72FD9BDF0004C448C /* SparkApp.swift */; };
		FF63ACDC2FD9BDF0004C448C /* StoryRepository.swift in Sources */ = {isa = PBXBuildFile; fileRef = FF63ACB12FD9BDF0004C448C /* StoryRepository.swift */; };
		FF63ACDD2FD9BDF0004C448C /* StoryCache.swift in Sources */ = {isa = PBXBuildFile; fileRef = FF63ACAC2FD9BDF0004C448C /* StoryCache.swift */; };
		FF63ACDE2FD9BDF0004C448C /* RemoteStoryRepository.swift in Sources */ = {isa = PBXBuildFile; fileRef = FF63ACB02FD9BDF0004C448C /* RemoteStoryRepository.swift */; };
		FF63ACDF2FD9BDF0004C448C /* StoryUser.swift in Sources */ = {isa = PBXBuildFile; fileRef = FF63ACA72FD9BDF0004C448C /* StoryUser.swift */; };
		FF63ACE02FD9BDF0004C448C /* AppCoordinator.swift in Sources */ = {isa = PBXBuildFile; fileRef = FF63ACA02FD9BDF0004C448C /* AppCoordinator.swift */; };
		FF63ACE12FD9BDF0004C448C /* StoriesViewModel.swift in Sources */ = {isa = PBXBuildFile; fileRef = FF63ACB72FD9BDF0004C448C /* StoriesViewModel.swift */; };
		FF63ACEF2FD9BDF0004C448C /* EmptyStoryRepository.swift in Sources */ = {isa = PBXBuildFile; fileRef = FF63ACEE2FD9BDF0004C448C /* EmptyStoryRepository.swift */; };
		FF63ACF02FD9BDF0004C448C /* AppLogger.swift in Sources */ = {isa = PBXBuildFile; fileRef = FF63ACF12FD9BDF0004C448C /* AppLogger.swift */; };
		FF63ACF22FD9BDF0004C448C /* CachedStoryImage.swift in Sources */ = {isa = PBXBuildFile; fileRef = FF63ACF32FD9BDF0004C448C /* CachedStoryImage.swift */; };
		FF63ACF42FD9BDF0004C448C /* CubePager.swift in Sources */ = {isa = PBXBuildFile; fileRef = FF63ACF52FD9BDF0004C448C /* CubePager.swift */; };
		FFAC000000000000000000A1 /* TestSupport.swift in Sources */ = {isa = PBXBuildFile; fileRef = FFAB000000000000000000A1 /* TestSupport.swift */; };
		FFAC000000000000000000A2 /* StoriesViewModelTests.swift in Sources */ = {isa = PBXBuildFile; fileRef = FFAB000000000000000000A2 /* StoriesViewModelTests.swift */; };
		FFAC000000000000000000A3 /* StoryDetailViewModelTests.swift in Sources */ = {isa = PBXBuildFile; fileRef = FFAB000000000000000000A3 /* StoryDetailViewModelTests.swift */; };
		FFAC000000000000000000A4 /* StoryUserPageViewModelTests.swift in Sources */ = {isa = PBXBuildFile; fileRef = FFAB000000000000000000A4 /* StoryUserPageViewModelTests.swift */; };
		FFAC000000000000000000A5 /* AppCoordinatorTests.swift in Sources */ = {isa = PBXBuildFile; fileRef = FFAB000000000000000000A5 /* AppCoordinatorTests.swift */; };
		FFAC000000000000000000A6 /* StoryCacheTests.swift in Sources */ = {isa = PBXBuildFile; fileRef = FFAB000000000000000000A6 /* StoryCacheTests.swift */; };
		FFAC000000000000000000A7 /* RepositoryTests.swift in Sources */ = {isa = PBXBuildFile; fileRef = FFAB000000000000000000A7 /* RepositoryTests.swift */; };
		FFAC000000000000000000A8 /* ModelAndEndpointTests.swift in Sources */ = {isa = PBXBuildFile; fileRef = FFAB000000000000000000A8 /* ModelAndEndpointTests.swift */; };
/* End PBXBuildFile section */

/* Begin PBXContainerItemProxy section */
		FF63AB9B2FD95AE1004C448C /* PBXContainerItemProxy */ = {
			isa = PBXContainerItemProxy;
			containerPortal = FF63AB832FD95AE0004C448C /* Project object */;
			proxyType = 1;
			remoteGlobalIDString = FF63AB8A2FD95AE0004C448C;
			remoteInfo = Spark;
		};
/* End PBXContainerItemProxy section */

/* Begin PBXFileReference section */
		FF63AB8B2FD95AE0004C448C /* Spark.app */ = {isa = PBXFileReference; explicitFileType = wrapper.application; includeInIndex = 0; path = Spark.app; sourceTree = BUILT_PRODUCTS_DIR; };
		FF63AB9A2FD95AE1004C448C /* SparkTests.xctest */ = {isa = PBXFileReference; explicitFileType = wrapper.cfbundle; includeInIndex = 0; path = SparkTests.xctest; sourceTree = BUILT_PRODUCTS_DIR; };
		FF63ABF82FD95E67004C448C /* SparkTests.swift */ = {isa = PBXFileReference; lastKnownFileType = sourcecode.swift; path = SparkTests.swift; sourceTree = "<group>"; };
		FF63AC7E2FD9AA72004C448C /* Assets.xcassets */ = {isa = PBXFileReference; lastKnownFileType = folder.assetcatalog; path = Assets.xcassets; sourceTree = "<group>"; };
		FF63AC7F2FD9AA72004C448C /* stories.json */ = {isa = PBXFileReference; lastKnownFileType = text.json; path = stories.json; sourceTree = "<group>"; };
		FF63ACA02FD9BDF0004C448C /* AppCoordinator.swift */ = {isa = PBXFileReference; lastKnownFileType = sourcecode.swift; path = AppCoordinator.swift; sourceTree = "<group>"; };
		FF63ACA22FD9BDF0004C448C /* DependencyContainer.swift */ = {isa = PBXFileReference; lastKnownFileType = sourcecode.swift; path = DependencyContainer.swift; sourceTree = "<group>"; };
		FF63ACA32FD9BDF0004C448C /* DependencyContainerProtocol.swift */ = {isa = PBXFileReference; lastKnownFileType = sourcecode.swift; path = DependencyContainerProtocol.swift; sourceTree = "<group>"; };
		FF63ACA42FD9BDF0004C448C /* MockDependencyContainer.swift */ = {isa = PBXFileReference; lastKnownFileType = sourcecode.swift; path = MockDependencyContainer.swift; sourceTree = "<group>"; };
		FF63ACA62FD9BDF0004C448C /* Story.swift */ = {isa = PBXFileReference; lastKnownFileType = sourcecode.swift; path = Story.swift; sourceTree = "<group>"; };
		FF63ACA72FD9BDF0004C448C /* StoryUser.swift */ = {isa = PBXFileReference; lastKnownFileType = sourcecode.swift; path = StoryUser.swift; sourceTree = "<group>"; };
		FF63ACA82FD9BDF0004C448C /* UserState.swift */ = {isa = PBXFileReference; lastKnownFileType = sourcecode.swift; path = UserState.swift; sourceTree = "<group>"; };
		FF63ACAA2FD9BDF0004C448C /* APIEndpoint.swift */ = {isa = PBXFileReference; lastKnownFileType = sourcecode.swift; path = APIEndpoint.swift; sourceTree = "<group>"; };
		FF63ACAB2FD9BDF0004C448C /* NetworkClient.swift */ = {isa = PBXFileReference; lastKnownFileType = sourcecode.swift; path = NetworkClient.swift; sourceTree = "<group>"; };
		FF63ACAC2FD9BDF0004C448C /* StoryCache.swift */ = {isa = PBXFileReference; lastKnownFileType = sourcecode.swift; path = StoryCache.swift; sourceTree = "<group>"; };
		FF63ACAE2FD9BDF0004C448C /* LocalStoryRepository.swift */ = {isa = PBXFileReference; lastKnownFileType = sourcecode.swift; path = LocalStoryRepository.swift; sourceTree = "<group>"; };
		FF63ACAF2FD9BDF0004C448C /* MockStoryRepository.swift */ = {isa = PBXFileReference; lastKnownFileType = sourcecode.swift; path = MockStoryRepository.swift; sourceTree = "<group>"; };
		FF63ACB02FD9BDF0004C448C /* RemoteStoryRepository.swift */ = {isa = PBXFileReference; lastKnownFileType = sourcecode.swift; path = RemoteStoryRepository.swift; sourceTree = "<group>"; };
		FF63ACB12FD9BDF0004C448C /* StoryRepository.swift */ = {isa = PBXFileReference; lastKnownFileType = sourcecode.swift; path = StoryRepository.swift; sourceTree = "<group>"; };
		FF63ACB32FD9BDF0004C448C /* DeviceID.swift */ = {isa = PBXFileReference; lastKnownFileType = sourcecode.swift; path = DeviceID.swift; sourceTree = "<group>"; };
		FF63ACB62FD9BDF0004C448C /* StoriesView.swift */ = {isa = PBXFileReference; lastKnownFileType = sourcecode.swift; path = StoriesView.swift; sourceTree = "<group>"; };
		FF63ACB72FD9BDF0004C448C /* StoriesViewModel.swift */ = {isa = PBXFileReference; lastKnownFileType = sourcecode.swift; path = StoriesViewModel.swift; sourceTree = "<group>"; };
		FF63ACB92FD9BDF0004C448C /* StoryDetailView.swift */ = {isa = PBXFileReference; lastKnownFileType = sourcecode.swift; path = StoryDetailView.swift; sourceTree = "<group>"; };
		FF63ACBA2FD9BDF0004C448C /* StoryDetailViewModel.swift */ = {isa = PBXFileReference; lastKnownFileType = sourcecode.swift; path = StoryDetailViewModel.swift; sourceTree = "<group>"; };
		FF63ACBC2FD9BDF0004C448C /* StoryUserPageView.swift */ = {isa = PBXFileReference; lastKnownFileType = sourcecode.swift; path = StoryUserPageView.swift; sourceTree = "<group>"; };
		FF63ACBD2FD9BDF0004C448C /* StoryUserPageViewModel.swift */ = {isa = PBXFileReference; lastKnownFileType = sourcecode.swift; path = StoryUserPageViewModel.swift; sourceTree = "<group>"; };
		FF63ACC02FD9BDF0004C448C /* RootView.swift */ = {isa = PBXFileReference; lastKnownFileType = sourcecode.swift; path = RootView.swift; sourceTree = "<group>"; };
		FF63ACC22FD9BDF0004C448C /* StoryAvatarView.swift */ = {isa = PBXFileReference; lastKnownFileType = sourcecode.swift; path = StoryAvatarView.swift; sourceTree = "<group>"; };
		FF63ACC32FD9BDF0004C448C /* StoryProgressBar.swift */ = {isa = PBXFileReference; lastKnownFileType = sourcecode.swift; path = StoryProgressBar.swift; sourceTree = "<group>"; };
		FF63ACC52FD9BDF0004C448C /* PreviewMocks.swift */ = {isa = PBXFileReference; lastKnownFileType = sourcecode.swift; path = PreviewMocks.swift; sourceTree = "<group>"; };
		FF63ACC72FD9BDF0004C448C /* SparkApp.swift */ = {isa = PBXFileReference; lastKnownFileType = sourcecode.swift; path = SparkApp.swift; sourceTree = "<group>"; };
		FF63ACEE2FD9BDF0004C448C /* EmptyStoryRepository.swift */ = {isa = PBXFileReference; lastKnownFileType = sourcecode.swift; path = EmptyStoryRepository.swift; sourceTree = "<group>"; };
		FF63ACF12FD9BDF0004C448C /* AppLogger.swift */ = {isa = PBXFileReference; lastKnownFileType = sourcecode.swift; path = AppLogger.swift; sourceTree = "<group>"; };
		FF63ACF32FD9BDF0004C448C /* CachedStoryImage.swift */ = {isa = PBXFileReference; lastKnownFileType = sourcecode.swift; path = CachedStoryImage.swift; sourceTree = "<group>"; };
		FF63ACF52FD9BDF0004C448C /* CubePager.swift */ = {isa = PBXFileReference; lastKnownFileType = sourcecode.swift; path = CubePager.swift; sourceTree = "<group>"; };
		FFAB000000000000000000A1 /* TestSupport.swift */ = {isa = PBXFileReference; lastKnownFileType = sourcecode.swift; path = TestSupport.swift; sourceTree = "<group>"; };
		FFAB000000000000000000A2 /* StoriesViewModelTests.swift */ = {isa = PBXFileReference; lastKnownFileType = sourcecode.swift; path = StoriesViewModelTests.swift; sourceTree = "<group>"; };
		FFAB000000000000000000A3 /* StoryDetailViewModelTests.swift */ = {isa = PBXFileReference; lastKnownFileType = sourcecode.swift; path = StoryDetailViewModelTests.swift; sourceTree = "<group>"; };
		FFAB000000000000000000A4 /* StoryUserPageViewModelTests.swift */ = {isa = PBXFileReference; lastKnownFileType = sourcecode.swift; path = StoryUserPageViewModelTests.swift; sourceTree = "<group>"; };
		FFAB000000000000000000A5 /* AppCoordinatorTests.swift */ = {isa = PBXFileReference; lastKnownFileType = sourcecode.swift; path = AppCoordinatorTests.swift; sourceTree = "<group>"; };
		FFAB000000000000000000A6 /* StoryCacheTests.swift */ = {isa = PBXFileReference; lastKnownFileType = sourcecode.swift; path = StoryCacheTests.swift; sourceTree = "<group>"; };
		FFAB000000000000000000A7 /* RepositoryTests.swift */ = {isa = PBXFileReference; lastKnownFileType = sourcecode.swift; path = RepositoryTests.swift; sourceTree = "<group>"; };
		FFAB000000000000000000A8 /* ModelAndEndpointTests.swift */ = {isa = PBXFileReference; lastKnownFileType = sourcecode.swift; path = ModelAndEndpointTests.swift; sourceTree = "<group>"; };
/* End PBXFileReference section */

/* Begin PBXFrameworksBuildPhase section */
		FF63AB882FD95AE0004C448C /* Frameworks */ = {
			isa = PBXFrameworksBuildPhase;
			buildActionMask = 2147483647;
			files = (
			);
			runOnlyForDeploymentPostprocessing = 0;
		};
		FF63AB972FD95AE1004C448C /* Frameworks */ = {
			isa = PBXFrameworksBuildPhase;
			buildActionMask = 2147483647;
			files = (
			);
			runOnlyForDeploymentPostprocessing = 0;
		};
/* End PBXFrameworksBuildPhase section */

/* Begin PBXGroup section */
		FF63AB822FD95AE0004C448C = {
			isa = PBXGroup;
			children = (
				FF63ABE92FD95E63004C448C /* Spark */,
				FF63ABF92FD95E67004C448C /* SparkTests */,
				FF63AB8C2FD95AE0004C448C /* Products */,
			);
			sourceTree = "<group>";
		};
		FF63AB8C2FD95AE0004C448C /* Products */ = {
			isa = PBXGroup;
			children = (
				FF63AB8B2FD95AE0004C448C /* Spark.app */,
				FF63AB9A2FD95AE1004C448C /* SparkTests.xctest */,
			);
			name = Products;
			sourceTree = "<group>";
		};
		FF63ABE92FD95E63004C448C /* Spark */ = {
			isa = PBXGroup;
			children = (
				FF63ACB52FD9BDF0004C448C /* Core */,
				FF63ACC12FD9BDF0004C448C /* Features */,
				FF63ACC62FD9BDF0004C448C /* Shared */,
				FF63ACC72FD9BDF0004C448C /* SparkApp.swift */,
				FF63AC802FD9AA72004C448C /* Resources */,
			);
			path = Spark;
			sourceTree = "<group>";
		};
		FF63ABF92FD95E67004C448C /* SparkTests */ = {
			isa = PBXGroup;
			children = (
				FF63ABF82FD95E67004C448C /* SparkTests.swift */,
				FFAB000000000000000000A1 /* TestSupport.swift */,
				FFAB000000000000000000A2 /* StoriesViewModelTests.swift */,
				FFAB000000000000000000A3 /* StoryDetailViewModelTests.swift */,
				FFAB000000000000000000A4 /* StoryUserPageViewModelTests.swift */,
				FFAB000000000000000000A5 /* AppCoordinatorTests.swift */,
				FFAB000000000000000000A6 /* StoryCacheTests.swift */,
				FFAB000000000000000000A7 /* RepositoryTests.swift */,
				FFAB000000000000000000A8 /* ModelAndEndpointTests.swift */,
			);
			path = SparkTests;
			sourceTree = "<group>";
		};
		FF63AC802FD9AA72004C448C /* Resources */ = {
			isa = PBXGroup;
			children = (
				FF63AC7E2FD9AA72004C448C /* Assets.xcassets */,
				FF63AC7F2FD9AA72004C448C /* stories.json */,
			);
			path = Resources;
			sourceTree = "<group>";
		};
		FF63ACA12FD9BDF0004C448C /* Coordinator */ = {
			isa = PBXGroup;
			children = (
				FF63ACA02FD9BDF0004C448C /* AppCoordinator.swift */,
			);
			path = Coordinator;
			sourceTree = "<group>";
		};
		FF63ACA52FD9BDF0004C448C /* DependencyContainer */ = {
			isa = PBXGroup;
			children = (
				FF63ACA22FD9BDF0004C448C /* DependencyContainer.swift */,
				FF63ACA32FD9BDF0004C448C /* DependencyContainerProtocol.swift */,
				FF63ACA42FD9BDF0004C448C /* MockDependencyContainer.swift */,
			);
			path = DependencyContainer;
			sourceTree = "<group>";
		};
		FF63ACA92FD9BDF0004C448C /* Models */ = {
			isa = PBXGroup;
			children = (
				FF63ACA62FD9BDF0004C448C /* Story.swift */,
				FF63ACA72FD9BDF0004C448C /* StoryUser.swift */,
				FF63ACA82FD9BDF0004C448C /* UserState.swift */,
			);
			path = Models;
			sourceTree = "<group>";
		};
		FF63ACAD2FD9BDF0004C448C /* Network */ = {
			isa = PBXGroup;
			children = (
				FF63ACAA2FD9BDF0004C448C /* APIEndpoint.swift */,
				FF63ACAB2FD9BDF0004C448C /* NetworkClient.swift */,
				FF63ACAC2FD9BDF0004C448C /* StoryCache.swift */,
			);
			path = Network;
			sourceTree = "<group>";
		};
		FF63ACB22FD9BDF0004C448C /* Repository */ = {
			isa = PBXGroup;
			children = (
				FF63ACAE2FD9BDF0004C448C /* LocalStoryRepository.swift */,
				FF63ACEE2FD9BDF0004C448C /* EmptyStoryRepository.swift */,
				FF63ACAF2FD9BDF0004C448C /* MockStoryRepository.swift */,
				FF63ACB02FD9BDF0004C448C /* RemoteStoryRepository.swift */,
				FF63ACB12FD9BDF0004C448C /* StoryRepository.swift */,
			);
			path = Repository;
			sourceTree = "<group>";
		};
		FF63ACB42FD9BDF0004C448C /* Utils */ = {
			isa = PBXGroup;
			children = (
				FF63ACB32FD9BDF0004C448C /* DeviceID.swift */,
				FF63ACF12FD9BDF0004C448C /* AppLogger.swift */,
			);
			path = Utils;
			sourceTree = "<group>";
		};
		FF63ACB52FD9BDF0004C448C /* Core */ = {
			isa = PBXGroup;
			children = (
				FF63ACA12FD9BDF0004C448C /* Coordinator */,
				FF63ACA52FD9BDF0004C448C /* DependencyContainer */,
				FF63ACA92FD9BDF0004C448C /* Models */,
				FF63ACAD2FD9BDF0004C448C /* Network */,
				FF63ACB22FD9BDF0004C448C /* Repository */,
				FF63ACB42FD9BDF0004C448C /* Utils */,
			);
			path = Core;
			sourceTree = "<group>";
		};
		FF63ACB82FD9BDF0004C448C /* Stories */ = {
			isa = PBXGroup;
			children = (
				FF63ACB62FD9BDF0004C448C /* StoriesView.swift */,
				FF63ACB72FD9BDF0004C448C /* StoriesViewModel.swift */,
			);
			path = Stories;
			sourceTree = "<group>";
		};
		FF63ACBB2FD9BDF0004C448C /* StoryDetail */ = {
			isa = PBXGroup;
			children = (
				FF63ACB92FD9BDF0004C448C /* StoryDetailView.swift */,
				FF63ACBA2FD9BDF0004C448C /* StoryDetailViewModel.swift */,
			);
			path = StoryDetail;
			sourceTree = "<group>";
		};
		FF63ACBE2FD9BDF0004C448C /* StoryUserPage */ = {
			isa = PBXGroup;
			children = (
				FF63ACBC2FD9BDF0004C448C /* StoryUserPageView.swift */,
				FF63ACBD2FD9BDF0004C448C /* StoryUserPageViewModel.swift */,
			);
			path = StoryUserPage;
			sourceTree = "<group>";
		};
		FF63ACBF2FD9BDF0004C448C /* StoryDetail */ = {
			isa = PBXGroup;
			children = (
				FF63ACBB2FD9BDF0004C448C /* StoryDetail */,
				FF63ACBE2FD9BDF0004C448C /* StoryUserPage */,
			);
			path = StoryDetail;
			sourceTree = "<group>";
		};
		FF63ACC12FD9BDF0004C448C /* Features */ = {
			isa = PBXGroup;
			children = (
				FF63ACB82FD9BDF0004C448C /* Stories */,
				FF63ACBF2FD9BDF0004C448C /* StoryDetail */,
				FF63ACC02FD9BDF0004C448C /* RootView.swift */,
			);
			path = Features;
			sourceTree = "<group>";
		};
		FF63ACC42FD9BDF0004C448C /* Components */ = {
			isa = PBXGroup;
			children = (
				FF63ACC22FD9BDF0004C448C /* StoryAvatarView.swift */,
				FF63ACC32FD9BDF0004C448C /* StoryProgressBar.swift */,
				FF63ACF32FD9BDF0004C448C /* CachedStoryImage.swift */,
				FF63ACF52FD9BDF0004C448C /* CubePager.swift */,
			);
			path = Components;
			sourceTree = "<group>";
		};
		FF63ACC62FD9BDF0004C448C /* Shared */ = {
			isa = PBXGroup;
			children = (
				FF63ACC42FD9BDF0004C448C /* Components */,
				FF63ACC52FD9BDF0004C448C /* PreviewMocks.swift */,
			);
			path = Shared;
			sourceTree = "<group>";
		};
/* End PBXGroup section */

/* Begin PBXNativeTarget section */
		FF63AB8A2FD95AE0004C448C /* Spark */ = {
			isa = PBXNativeTarget;
			buildConfigurationList = FF63ABAE2FD95AE1004C448C /* Build configuration list for PBXNativeTarget "Spark" */;
			buildPhases = (
				FF63AB872FD95AE0004C448C /* Sources */,
				FF63AB882FD95AE0004C448C /* Frameworks */,
				FF63AB892FD95AE0004C448C /* Resources */,
			);
			buildRules = (
			);
			dependencies = (
			);
			name = Spark;
			packageProductDependencies = (
			);
			productName = Spark;
			productReference = FF63AB8B2FD95AE0004C448C /* Spark.app */;
			productType = "com.apple.product-type.application";
		};
		FF63AB992FD95AE1004C448C /* SparkTests */ = {
			isa = PBXNativeTarget;
			buildConfigurationList = FF63ABB12FD95AE1004C448C /* Build configuration list for PBXNativeTarget "SparkTests" */;
			buildPhases = (
				FF63AB962FD95AE1004C448C /* Sources */,
				FF63AB972FD95AE1004C448C /* Frameworks */,
				FF63AB982FD95AE1004C448C /* Resources */,
			);
			buildRules = (
			);
			dependencies = (
				FF63AB9C2FD95AE1004C448C /* PBXTargetDependency */,
			);
			name = SparkTests;
			packageProductDependencies = (
			);
			productName = SparkTests;
			productReference = FF63AB9A2FD95AE1004C448C /* SparkTests.xctest */;
			productType = "com.apple.product-type.bundle.unit-test";
		};
/* End PBXNativeTarget section */

/* Begin PBXProject section */
		FF63AB832FD95AE0004C448C /* Project object */ = {
			isa = PBXProject;
			attributes = {
				BuildIndependentTargetsInParallel = 1;
				LastSwiftUpdateCheck = 2650;
				LastUpgradeCheck = 2650;
				TargetAttributes = {
					FF63AB8A2FD95AE0004C448C = {
						CreatedOnToolsVersion = 26.5;
					};
					FF63AB992FD95AE1004C448C = {
						CreatedOnToolsVersion = 26.5;
						TestTargetID = FF63AB8A2FD95AE0004C448C;
					};
				};
			};
			buildConfigurationList = FF63AB862FD95AE0004C448C /* Build configuration list for PBXProject "Spark" */;
			developmentRegion = en;
			hasScannedForEncodings = 0;
			knownRegions = (
				en,
				Base,
			);
			mainGroup = FF63AB822FD95AE0004C448C;
			minimizedProjectReferenceProxies = 1;
			preferredProjectObjectVersion = 77;
			productRefGroup = FF63AB8C2FD95AE0004C448C /* Products */;
			projectDirPath = "";
			projectRoot = "";
			targets = (
				FF63AB8A2FD95AE0004C448C /* Spark */,
				FF63AB992FD95AE1004C448C /* SparkTests */,
			);
		};
/* End PBXProject section */

/* Begin PBXResourcesBuildPhase section */
		FF63AB892FD95AE0004C448C /* Resources */ = {
			isa = PBXResourcesBuildPhase;
			buildActionMask = 2147483647;
			files = (
				FF63AC872FD9AA72004C448C /* Assets.xcassets in Resources */,
				FF63AC882FD9AA72004C448C /* stories.json in Resources */,
			);
			runOnlyForDeploymentPostprocessing = 0;
		};
		FF63AB982FD95AE1004C448C /* Resources */ = {
			isa = PBXResourcesBuildPhase;
			buildActionMask = 2147483647;
			files = (
			);
			runOnlyForDeploymentPostprocessing = 0;
		};
/* End PBXResourcesBuildPhase section */

/* Begin PBXSourcesBuildPhase section */
		FF63AB872FD95AE0004C448C /* Sources */ = {
			isa = PBXSourcesBuildPhase;
			buildActionMask = 2147483647;
			files = (
				FF63ACC82FD9BDF0004C448C /* DependencyContainerProtocol.swift in Sources */,
				FF63ACC92FD9BDF0004C448C /* StoryUserPageView.swift in Sources */,
				FF63ACCA2FD9BDF0004C448C /* NetworkClient.swift in Sources */,
				FF63ACCB2FD9BDF0004C448C /* UserState.swift in Sources */,
				FF63ACCC2FD9BDF0004C448C /* Story.swift in Sources */,
				FF63ACCD2FD9BDF0004C448C /* APIEndpoint.swift in Sources */,
				FF63ACCE2FD9BDF0004C448C /* DeviceID.swift in Sources */,
				FF63ACF02FD9BDF0004C448C /* AppLogger.swift in Sources */,
				FF63ACCF2FD9BDF0004C448C /* StoriesView.swift in Sources */,
				FF63ACD02FD9BDF0004C448C /* RootView.swift in Sources */,
				FF63ACD12FD9BDF0004C448C /* MockDependencyContainer.swift in Sources */,
				FF63ACD22FD9BDF0004C448C /* StoryAvatarView.swift in Sources */,
				FF63ACD32FD9BDF0004C448C /* StoryDetailView.swift in Sources */,
				FF63ACD42FD9BDF0004C448C /* LocalStoryRepository.swift in Sources */,
				FF63ACEF2FD9BDF0004C448C /* EmptyStoryRepository.swift in Sources */,
				FF63ACD52FD9BDF0004C448C /* PreviewMocks.swift in Sources */,
				FF63ACD62FD9BDF0004C448C /* StoryUserPageViewModel.swift in Sources */,
				FF63ACD72FD9BDF0004C448C /* StoryDetailViewModel.swift in Sources */,
				FF63ACD82FD9BDF0004C448C /* StoryProgressBar.swift in Sources */,
				FF63ACF22FD9BDF0004C448C /* CachedStoryImage.swift in Sources */,
				FF63ACF42FD9BDF0004C448C /* CubePager.swift in Sources */,
				FF63ACD92FD9BDF0004C448C /* DependencyContainer.swift in Sources */,
				FF63ACDA2FD9BDF0004C448C /* MockStoryRepository.swift in Sources */,
				FF63ACDB2FD9BDF0004C448C /* SparkApp.swift in Sources */,
				FF63ACDC2FD9BDF0004C448C /* StoryRepository.swift in Sources */,
				FF63ACDD2FD9BDF0004C448C /* StoryCache.swift in Sources */,
				FF63ACDE2FD9BDF0004C448C /* RemoteStoryRepository.swift in Sources */,
				FF63ACDF2FD9BDF0004C448C /* StoryUser.swift in Sources */,
				FF63ACE02FD9BDF0004C448C /* AppCoordinator.swift in Sources */,
				FF63ACE12FD9BDF0004C448C /* StoriesViewModel.swift in Sources */,
			);
			runOnlyForDeploymentPostprocessing = 0;
		};
		FF63AB962FD95AE1004C448C /* Sources */ = {
			isa = PBXSourcesBuildPhase;
			buildActionMask = 2147483647;
			files = (
				FF63ABFA2FD95E67004C448C /* SparkTests.swift in Sources */,
				FFAC000000000000000000A1 /* TestSupport.swift in Sources */,
				FFAC000000000000000000A2 /* StoriesViewModelTests.swift in Sources */,
				FFAC000000000000000000A3 /* StoryDetailViewModelTests.swift in Sources */,
				FFAC000000000000000000A4 /* StoryUserPageViewModelTests.swift in Sources */,
				FFAC000000000000000000A5 /* AppCoordinatorTests.swift in Sources */,
				FFAC000000000000000000A6 /* StoryCacheTests.swift in Sources */,
				FFAC000000000000000000A7 /* RepositoryTests.swift in Sources */,
				FFAC000000000000000000A8 /* ModelAndEndpointTests.swift in Sources */,
			);
			runOnlyForDeploymentPostprocessing = 0;
		};
/* End PBXSourcesBuildPhase section */

/* Begin PBXTargetDependency section */
		FF63AB9C2FD95AE1004C448C /* PBXTargetDependency */ = {
			isa = PBXTargetDependency;
			target = FF63AB8A2FD95AE0004C448C /* Spark */;
			targetProxy = FF63AB9B2FD95AE1004C448C /* PBXContainerItemProxy */;
		};
/* End PBXTargetDependency section */

/* Begin XCBuildConfiguration section */
		FF63ABAC2FD95AE1004C448C /* Debug */ = {
			isa = XCBuildConfiguration;
			buildSettings = {
				ALWAYS_SEARCH_USER_PATHS = NO;
				ASSETCATALOG_COMPILER_GENERATE_SWIFT_ASSET_SYMBOL_EXTENSIONS = YES;
				CLANG_ANALYZER_NONNULL = YES;
				CLANG_ANALYZER_NUMBER_OBJECT_CONVERSION = YES_AGGRESSIVE;
				CLANG_CXX_LANGUAGE_STANDARD = "gnu++20";
				CLANG_ENABLE_MODULES = YES;
				CLANG_ENABLE_OBJC_ARC = YES;
				CLANG_ENABLE_OBJC_WEAK = YES;
				CLANG_WARN_BLOCK_CAPTURE_AUTORELEASING = YES;
				CLANG_WARN_BOOL_CONVERSION = YES;
				CLANG_WARN_COMMA = YES;
				CLANG_WARN_CONSTANT_CONVERSION = YES;
				CLANG_WARN_DEPRECATED_OBJC_IMPLEMENTATIONS = YES;
				CLANG_WARN_DIRECT_OBJC_ISA_USAGE = YES_ERROR;
				CLANG_WARN_DOCUMENTATION_COMMENTS = YES;
				CLANG_WARN_EMPTY_BODY = YES;
				CLANG_WARN_ENUM_CONVERSION = YES;
				CLANG_WARN_INFINITE_RECURSION = YES;
				CLANG_WARN_INT_CONVERSION = YES;
				CLANG_WARN_NON_LITERAL_NULL_CONVERSION = YES;
				CLANG_WARN_OBJC_IMPLICIT_RETAIN_SELF = YES;
				CLANG_WARN_OBJC_LITERAL_CONVERSION = YES;
				CLANG_WARN_OBJC_ROOT_CLASS = YES_ERROR;
				CLANG_WARN_QUOTED_INCLUDE_IN_FRAMEWORK_HEADER = YES;
				CLANG_WARN_RANGE_LOOP_ANALYSIS = YES;
				CLANG_WARN_STRICT_PROTOTYPES = YES;
				CLANG_WARN_SUSPICIOUS_MOVE = YES;
				CLANG_WARN_UNGUARDED_AVAILABILITY = YES_AGGRESSIVE;
				CLANG_WARN_UNREACHABLE_CODE = YES;
				CLANG_WARN__DUPLICATE_METHOD_MATCH = YES;
				COPY_PHASE_STRIP = NO;
				DEBUG_INFORMATION_FORMAT = dwarf;
				DEVELOPMENT_TEAM = 9GQXFYQ92W;
				ENABLE_STRICT_OBJC_MSGSEND = YES;
				ENABLE_TESTABILITY = YES;
				ENABLE_USER_SCRIPT_SANDBOXING = YES;
				GCC_C_LANGUAGE_STANDARD = gnu17;
				GCC_DYNAMIC_NO_PIC = NO;
				GCC_NO_COMMON_BLOCKS = YES;
				GCC_OPTIMIZATION_LEVEL = 0;
				GCC_PREPROCESSOR_DEFINITIONS = (
					"DEBUG=1",
					"$(inherited)",
				);
				GCC_WARN_64_TO_32_BIT_CONVERSION = YES;
				GCC_WARN_ABOUT_RETURN_TYPE = YES_ERROR;
				GCC_WARN_UNDECLARED_SELECTOR = YES;
				GCC_WARN_UNINITIALIZED_AUTOS = YES_AGGRESSIVE;
				GCC_WARN_UNUSED_FUNCTION = YES;
				GCC_WARN_UNUSED_VARIABLE = YES;
				IPHONEOS_DEPLOYMENT_TARGET = 17.6;
				LOCALIZATION_PREFERS_STRING_CATALOGS = YES;
				MTL_ENABLE_DEBUG_INFO = INCLUDE_SOURCE;
				MTL_FAST_MATH = YES;
				ONLY_ACTIVE_ARCH = YES;
				PRODUCT_BUNDLE_IDENTIFIER = app.spark.Spark;
				SWIFT_ACTIVE_COMPILATION_CONDITIONS = "DEBUG $(inherited)";
				SWIFT_OPTIMIZATION_LEVEL = "-Onone";
			};
			name = Debug;
		};
		FF63ABAD2FD95AE1004C448C /* Release */ = {
			isa = XCBuildConfiguration;
			buildSettings = {
				ALWAYS_SEARCH_USER_PATHS = NO;
				ASSETCATALOG_COMPILER_GENERATE_SWIFT_ASSET_SYMBOL_EXTENSIONS = YES;
				CLANG_ANALYZER_NONNULL = YES;
				CLANG_ANALYZER_NUMBER_OBJECT_CONVERSION = YES_AGGRESSIVE;
				CLANG_CXX_LANGUAGE_STANDARD = "gnu++20";
				CLANG_ENABLE_MODULES = YES;
				CLANG_ENABLE_OBJC_ARC = YES;
				CLANG_ENABLE_OBJC_WEAK = YES;
				CLANG_WARN_BLOCK_CAPTURE_AUTORELEASING = YES;
				CLANG_WARN_BOOL_CONVERSION = YES;
				CLANG_WARN_COMMA = YES;
				CLANG_WARN_CONSTANT_CONVERSION = YES;
				CLANG_WARN_DEPRECATED_OBJC_IMPLEMENTATIONS = YES;
				CLANG_WARN_DIRECT_OBJC_ISA_USAGE = YES_ERROR;
				CLANG_WARN_DOCUMENTATION_COMMENTS = YES;
				CLANG_WARN_EMPTY_BODY = YES;
				CLANG_WARN_ENUM_CONVERSION = YES;
				CLANG_WARN_INFINITE_RECURSION = YES;
				CLANG_WARN_INT_CONVERSION = YES;
				CLANG_WARN_NON_LITERAL_NULL_CONVERSION = YES;
				CLANG_WARN_OBJC_IMPLICIT_RETAIN_SELF = YES;
				CLANG_WARN_OBJC_LITERAL_CONVERSION = YES;
				CLANG_WARN_OBJC_ROOT_CLASS = YES_ERROR;
				CLANG_WARN_QUOTED_INCLUDE_IN_FRAMEWORK_HEADER = YES;
				CLANG_WARN_RANGE_LOOP_ANALYSIS = YES;
				CLANG_WARN_STRICT_PROTOTYPES = YES;
				CLANG_WARN_SUSPICIOUS_MOVE = YES;
				CLANG_WARN_UNGUARDED_AVAILABILITY = YES_AGGRESSIVE;
				CLANG_WARN_UNREACHABLE_CODE = YES;
				CLANG_WARN__DUPLICATE_METHOD_MATCH = YES;
				COPY_PHASE_STRIP = NO;
				DEBUG_INFORMATION_FORMAT = "dwarf-with-dsym";
				DEVELOPMENT_TEAM = 9GQXFYQ92W;
				ENABLE_NS_ASSERTIONS = NO;
				ENABLE_STRICT_OBJC_MSGSEND = YES;
				ENABLE_USER_SCRIPT_SANDBOXING = YES;
				GCC_C_LANGUAGE_STANDARD = gnu17;
				GCC_NO_COMMON_BLOCKS = YES;
				GCC_WARN_64_TO_32_BIT_CONVERSION = YES;
				GCC_WARN_ABOUT_RETURN_TYPE = YES_ERROR;
				GCC_WARN_UNDECLARED_SELECTOR = YES;
				GCC_WARN_UNINITIALIZED_AUTOS = YES_AGGRESSIVE;
				GCC_WARN_UNUSED_FUNCTION = YES;
				GCC_WARN_UNUSED_VARIABLE = YES;
				IPHONEOS_DEPLOYMENT_TARGET = 17.6;
				LOCALIZATION_PREFERS_STRING_CATALOGS = YES;
				MTL_ENABLE_DEBUG_INFO = NO;
				MTL_FAST_MATH = YES;
				PRODUCT_BUNDLE_IDENTIFIER = app.spark.Spark;
				SWIFT_COMPILATION_MODE = wholemodule;
			};
			name = Release;
		};
		FF63ABAF2FD95AE1004C448C /* Debug */ = {
			isa = XCBuildConfiguration;
			buildSettings = {
				ASSETCATALOG_COMPILER_APPICON_NAME = AppIcon;
				ASSETCATALOG_COMPILER_GLOBAL_ACCENT_COLOR_NAME = AccentColor;
				CODE_SIGN_STYLE = Automatic;
				CURRENT_PROJECT_VERSION = 1;
				DEVELOPMENT_TEAM = 9GQXFYQ92W;
				ENABLE_APP_SANDBOX = YES;
				ENABLE_HARDENED_RUNTIME = YES;
				ENABLE_PREVIEWS = YES;
				ENABLE_USER_SELECTED_FILES = readonly;
				GENERATE_INFOPLIST_FILE = YES;
				"INFOPLIST_KEY_UIApplicationSceneManifest_Generation[sdk=iphoneos*]" = YES;
				"INFOPLIST_KEY_UIApplicationSceneManifest_Generation[sdk=iphonesimulator*]" = YES;
				"INFOPLIST_KEY_UIApplicationSupportsIndirectInputEvents[sdk=iphoneos*]" = YES;
				"INFOPLIST_KEY_UIApplicationSupportsIndirectInputEvents[sdk=iphonesimulator*]" = YES;
				"INFOPLIST_KEY_UILaunchScreen_Generation[sdk=iphoneos*]" = YES;
				"INFOPLIST_KEY_UILaunchScreen_Generation[sdk=iphonesimulator*]" = YES;
				"INFOPLIST_KEY_UIStatusBarStyle[sdk=iphoneos*]" = UIStatusBarStyleDefault;
				"INFOPLIST_KEY_UIStatusBarStyle[sdk=iphonesimulator*]" = UIStatusBarStyleDefault;
				INFOPLIST_KEY_UISupportedInterfaceOrientations = UIInterfaceOrientationPortrait;
				INFOPLIST_KEY_UISupportedInterfaceOrientations_iPad = "UIInterfaceOrientationLandscapeLeft UIInterfaceOrientationLandscapeRight UIInterfaceOrientationPortrait UIInterfaceOrientationPortraitUpsideDown";
				LD_RUNPATH_SEARCH_PATHS = "@executable_path/Frameworks";
				"LD_RUNPATH_SEARCH_PATHS[sdk=macosx*]" = "@executable_path/../Frameworks";
				MACOSX_DEPLOYMENT_TARGET = 26.5;
				MARKETING_VERSION = 1.0;
				PRODUCT_NAME = "$(TARGET_NAME)";
				REGISTER_APP_GROUPS = YES;
				SDKROOT = auto;
				STRING_CATALOG_GENERATE_SYMBOLS = YES;
				SUPPORTED_PLATFORMS = "iphoneos iphonesimulator";
				SUPPORTS_MACCATALYST = NO;
				SWIFT_APPROACHABLE_CONCURRENCY = YES;
				SWIFT_DEFAULT_ACTOR_ISOLATION = MainActor;
				SWIFT_EMIT_LOC_STRINGS = YES;
				SWIFT_UPCOMING_FEATURE_MEMBER_IMPORT_VISIBILITY = YES;
				SWIFT_VERSION = 5.0;
				TARGETED_DEVICE_FAMILY = 1;
				XROS_DEPLOYMENT_TARGET = 26.5;
			};
			name = Debug;
		};
		FF63ABB02FD95AE1004C448C /* Release */ = {
			isa = XCBuildConfiguration;
			buildSettings = {
				ASSETCATALOG_COMPILER_APPICON_NAME = AppIcon;
				ASSETCATALOG_COMPILER_GLOBAL_ACCENT_COLOR_NAME = AccentColor;
				CODE_SIGN_STYLE = Automatic;
				CURRENT_PROJECT_VERSION = 1;
				DEVELOPMENT_TEAM = 9GQXFYQ92W;
				ENABLE_APP_SANDBOX = YES;
				ENABLE_HARDENED_RUNTIME = YES;
				ENABLE_PREVIEWS = YES;
				ENABLE_USER_SELECTED_FILES = readonly;
				GENERATE_INFOPLIST_FILE = YES;
				"INFOPLIST_KEY_UIApplicationSceneManifest_Generation[sdk=iphoneos*]" = YES;
				"INFOPLIST_KEY_UIApplicationSceneManifest_Generation[sdk=iphonesimulator*]" = YES;
				"INFOPLIST_KEY_UIApplicationSupportsIndirectInputEvents[sdk=iphoneos*]" = YES;
				"INFOPLIST_KEY_UIApplicationSupportsIndirectInputEvents[sdk=iphonesimulator*]" = YES;
				"INFOPLIST_KEY_UILaunchScreen_Generation[sdk=iphoneos*]" = YES;
				"INFOPLIST_KEY_UILaunchScreen_Generation[sdk=iphonesimulator*]" = YES;
				"INFOPLIST_KEY_UIStatusBarStyle[sdk=iphoneos*]" = UIStatusBarStyleDefault;
				"INFOPLIST_KEY_UIStatusBarStyle[sdk=iphonesimulator*]" = UIStatusBarStyleDefault;
				INFOPLIST_KEY_UISupportedInterfaceOrientations = UIInterfaceOrientationPortrait;
				INFOPLIST_KEY_UISupportedInterfaceOrientations_iPad = "UIInterfaceOrientationLandscapeLeft UIInterfaceOrientationLandscapeRight UIInterfaceOrientationPortrait UIInterfaceOrientationPortraitUpsideDown";
				LD_RUNPATH_SEARCH_PATHS = "@executable_path/Frameworks";
				"LD_RUNPATH_SEARCH_PATHS[sdk=macosx*]" = "@executable_path/../Frameworks";
				MACOSX_DEPLOYMENT_TARGET = 26.5;
				MARKETING_VERSION = 1.0;
				PRODUCT_NAME = "$(TARGET_NAME)";
				REGISTER_APP_GROUPS = YES;
				SDKROOT = auto;
				STRING_CATALOG_GENERATE_SYMBOLS = YES;
				SUPPORTED_PLATFORMS = "iphoneos iphonesimulator";
				SUPPORTS_MACCATALYST = NO;
				SWIFT_APPROACHABLE_CONCURRENCY = YES;
				SWIFT_DEFAULT_ACTOR_ISOLATION = MainActor;
				SWIFT_EMIT_LOC_STRINGS = YES;
				SWIFT_UPCOMING_FEATURE_MEMBER_IMPORT_VISIBILITY = YES;
				SWIFT_VERSION = 5.0;
				TARGETED_DEVICE_FAMILY = 1;
				XROS_DEPLOYMENT_TARGET = 26.5;
			};
			name = Release;
		};
		FF63ABB22FD95AE1004C448C /* Debug */ = {
			isa = XCBuildConfiguration;
			buildSettings = {
				BUNDLE_LOADER = "$(TEST_HOST)";
				CODE_SIGN_STYLE = Automatic;
				CURRENT_PROJECT_VERSION = 1;
				DEVELOPMENT_TEAM = 9GQXFYQ92W;
				GENERATE_INFOPLIST_FILE = YES;
				MACOSX_DEPLOYMENT_TARGET = 26.5;
				MARKETING_VERSION = 1.0;
				PRODUCT_BUNDLE_IDENTIFIER = "$(PRODUCT_BUNDLE_IDENTIFIER)Tests";
				PRODUCT_NAME = "$(TARGET_NAME)";
				SDKROOT = auto;
				STRING_CATALOG_GENERATE_SYMBOLS = NO;
				SUPPORTED_PLATFORMS = "iphoneos iphonesimulator";
				SUPPORTS_MACCATALYST = NO;
				SWIFT_APPROACHABLE_CONCURRENCY = YES;
				SWIFT_EMIT_LOC_STRINGS = NO;
				SWIFT_UPCOMING_FEATURE_MEMBER_IMPORT_VISIBILITY = YES;
				SWIFT_VERSION = 5.0;
				TARGETED_DEVICE_FAMILY = 1;
				TEST_HOST = "$(BUILT_PRODUCTS_DIR)/Spark.app/$(BUNDLE_EXECUTABLE_FOLDER_PATH)/Spark";
				XROS_DEPLOYMENT_TARGET = 26.5;
			};
			name = Debug;
		};
		FF63ABB32FD95AE1004C448C /* Release */ = {
			isa = XCBuildConfiguration;
			buildSettings = {
				BUNDLE_LOADER = "$(TEST_HOST)";
				CODE_SIGN_STYLE = Automatic;
				CURRENT_PROJECT_VERSION = 1;
				DEVELOPMENT_TEAM = 9GQXFYQ92W;
				GENERATE_INFOPLIST_FILE = YES;
				MACOSX_DEPLOYMENT_TARGET = 26.5;
				MARKETING_VERSION = 1.0;
				PRODUCT_BUNDLE_IDENTIFIER = "$(PRODUCT_BUNDLE_IDENTIFIER)Tests";
				PRODUCT_NAME = "$(TARGET_NAME)";
				SDKROOT = auto;
				STRING_CATALOG_GENERATE_SYMBOLS = NO;
				SUPPORTED_PLATFORMS = "iphoneos iphonesimulator";
				SUPPORTS_MACCATALYST = NO;
				SWIFT_APPROACHABLE_CONCURRENCY = YES;
				SWIFT_EMIT_LOC_STRINGS = NO;
				SWIFT_UPCOMING_FEATURE_MEMBER_IMPORT_VISIBILITY = YES;
				SWIFT_VERSION = 5.0;
				TARGETED_DEVICE_FAMILY = 1;
				TEST_HOST = "$(BUILT_PRODUCTS_DIR)/Spark.app/$(BUNDLE_EXECUTABLE_FOLDER_PATH)/Spark";
				XROS_DEPLOYMENT_TARGET = 26.5;
			};
			name = Release;
		};
/* End XCBuildConfiguration section */

/* Begin XCConfigurationList section */
		FF63AB862FD95AE0004C448C /* Build configuration list for PBXProject "Spark" */ = {
			isa = XCConfigurationList;
			buildConfigurations = (
				FF63ABAC2FD95AE1004C448C /* Debug */,
				FF63ABAD2FD95AE1004C448C /* Release */,
			);
			defaultConfigurationIsVisible = 0;
			defaultConfigurationName = Release;
		};
		FF63ABAE2FD95AE1004C448C /* Build configuration list for PBXNativeTarget "Spark" */ = {
			isa = XCConfigurationList;
			buildConfigurations = (
				FF63ABAF2FD95AE1004C448C /* Debug */,
				FF63ABB02FD95AE1004C448C /* Release */,
			);
			defaultConfigurationIsVisible = 0;
			defaultConfigurationName = Release;
		};
		FF63ABB12FD95AE1004C448C /* Build configuration list for PBXNativeTarget "SparkTests" */ = {
			isa = XCConfigurationList;
			buildConfigurations = (
				FF63ABB22FD95AE1004C448C /* Debug */,
				FF63ABB32FD95AE1004C448C /* Release */,
			);
			defaultConfigurationIsVisible = 0;
			defaultConfigurationName = Release;
		};
/* End XCConfigurationList section */
	};
	rootObject = FF63AB832FD95AE0004C448C /* Project object */;
}
